
Microsoft Visual Studio Solution File, Format Version 12.00
# Visual Studio Version 17
VisualStudioVersion = 17.0.31903.59
MinimumVisualStudioVersion = 10.0.40219.1
Project("{FAE04EC0-301F-11D3-BF4B-00C04F79EFBC}") = "Journal", "Journal\Journal.csproj", "{14760207-D636-459C-B21B-C3C526998E2D}"
EndProject
Project("{FAE04EC0-301F-11D3-BF4B-00C04F79EFBC}") = "Scripture_Memorizer", "Scripture_Memorizer\Scripture_Memorizer.csproj", "{67E4635B-219A-4BB0-A4AC-4D05DB0057A2}"
EndProject
Project("{FAE04EC0-301F-11D3-BF4B-00C04F79EFBC}") = "Relax_activity", "Relax_activity\Relax_activity.csproj", "{D270577E-19B4-4958-82E6-5B823D6EB70C}"
EndProject
Global
	GlobalSection(SolutionConfigurationPlatforms) = preSolution
		Debug|Any CPU = Debug|Any CPU
		Release|Any CPU = Release|Any CPU
	EndGlobalSection
	GlobalSection(SolutionProperties) = preSolution
		HideSolutionNode = FALSE
	EndGlobalSection
	GlobalSection(ProjectConfigurationPlatforms) = postSolution
		{14760207-D636-459C-B21B-C3C526998E2D}.Debug|Any CPU.ActiveCfg = Debug|Any CPU
		{14760207-D636-459C-B21B-C3C526998E2D}.Debug|Any CPU.Build.0 = Debug|Any CPU
		{14760207-D636-459C-B21B-C3C526998E2D}.Release|Any CPU.ActiveCfg = Release|Any CPU
		{14760207-D636-459C-B21B-C3C526998E2D}.Release|Any CPU.Build.0 = Release|Any CPU
		{67E4635B-219A-4BB0-A4AC-4D05DB0057A2}.Debug|Any CPU.ActiveCfg = Debug|Any CPU
		{67E4635B-219A-4BB0-A4AC-4D05DB0057A2}.Debug|Any CPU.Build.0 = Debug|Any CPU
		{67E4635B-219A-4BB0-A4AC-4D05DB0057A2}.Release|Any CPU.ActiveCfg = Release|Any CPU
		{67E4635B-219A-4BB0-A4AC-4D05DB0057A2}.Release|Any CPU.Build.0 = Release|Any CPU
		{D270577E-19B4-4958-82E6-5B823D6EB70C}.Debug|Any CPU.ActiveCfg = Debug|Any CPU
		{D270577E-19B4-4958-82E6-5B823D6EB70C}.Debug|Any CPU.Build.0 = Debug|Any CPU
		{D270577E-19B4-4958-82E6-5B823D6EB70C}.Release|Any CPU.ActiveCfg = Release|Any CPU
		{D270577E-19B4-4958-82E6-5B823D6EB70C}.Release|Any CPU.Build.0 = Release|Any CPU
	EndGlobalSection
EndGlobal
